// !$*UTF8*$!
{
	archiveVersion = 1;
	classes = {
	};
	objectVersion = 46;
	objects = {

/* Begin PBXBuildFile section */
		AAFA67FC1BBB0C20009BD1BD /* AppDelegate.swift in Sources */ = {isa = PBXBuildFile; fileRef = AAFA67FB1BBB0C20009BD1BD /* AppDelegate.swift */; };
		AAFA67FE1BBB0C20009BD1BD /* MasterViewController.swift in Sources */ = {isa = PBXBuildFile; fileRef = AAFA67FD1BBB0C20009BD1BD /* MasterViewController.swift */; };
		AAFA68001BBB0C20009BD1BD /* DetailViewController.swift in Sources */ = {isa = PBXBuildFile; fileRef = AAFA67FF1BBB0C20009BD1BD /* DetailViewController.swift */; };
		AAFA68031BBB0C20009BD1BD /* Main.storyboard in Resources */ = {isa = PBXBuildFile; fileRef = AAFA68011BBB0C20009BD1BD /* Main.storyboard */; };
		AAFA68051BBB0C20009BD1BD /* Assets.xcassets in Resources */ = {isa = PBXBuildFile; fileRef = AAFA68041BBB0C20009BD1BD /* Assets.xcassets */; };
		AAFA68081BBB0C20009BD1BD /* LaunchScreen.storyboard in Resources */ = {isa = PBXBuildFile; fileRef = AAFA68061BBB0C20009BD1BD /* LaunchScreen.storyboard */; };
/* End PBXBuildFile section */

/* Begin PBXFileReference section */
		AAFA67F81BBB0C20009BD1BD /* StretchMyHeader.app */ = {isa = PBXFileReference; explicitFileType = wrapper.application; includeInIndex = 0; path = StretchMyHeader.app; sourceTree = BUILT_PRODUCTS_DIR; };
		AAFA67FB1BBB0C20009BD1BD /* AppDelegate.swift */ = {isa = PBXFileReference; lastKnownFileType = sourcecode.swift; path = AppDelegate.swift; sourceTree = "<group>"; };
		AAFA67FD1BBB0C20009BD1BD /* MasterViewController.swift */ = {isa = PBXFileReference; lastKnownFileType = sourcecode.swift; path = MasterViewController.swift; sourceTree = "<group>"; };
		AAFA67FF1BBB0C20009BD1BD /* DetailViewController.swift */ = {isa = PBXFileReference; lastKnownFileType = sourcecode.swift; path = DetailViewController.swift; sourceTree = "<group>"; };
		AAFA68021BBB0C20009BD1BD /* Base */ = {isa = PBXFileReference; lastKnownFileType = file.storyboard; name = Base; path = Base.lproj/Main.storyboard; sourceTree = "<group>"; };
		AAFA68041BBB0C20009BD1BD /* Assets.xcassets */ = {isa = PBXFileReference; lastKnownFileType = folder.assetcatalog; path = Assets.xcassets; sourceTree = "<group>"; };
		AAFA68071BBB0C20009BD1BD /* Base */ = {isa = PBXFileReference; lastKnownFileType = file.storyboard; name = Base; path = Base.lproj/LaunchScreen.storyboard; sourceTree = "<group>"; };
		AAFA68091BBB0C20009BD1BD /* Info.plist */ = {isa = PBXFileReference; lastKnownFileType = text.plist.xml; path = Info.plist; sourceTree = "<group>"; };
/* End PBXFileReference section */

/* Begin PBXFrameworksBuildPhase section */
		AAFA67F51BBB0C20009BD1BD /* Frameworks */ = {
			isa = PBXFrameworksBuildPhase;
			buildActionMask = 2147483647;
			files = (
			);
			runOnlyForDeploymentPostprocessing = 0;
		};
/* End PBXFrameworksBuildPhase section */

/* Begin PBXGroup section */
		AAFA67EF1BBB0C20009BD1BD = {
			isa = PBXGroup;
			children = (
				AAFA67FA1BBB0C20009BD1BD /* StretchMyHeader */,
				AAFA67F91BBB0C20009BD1BD /* Products */,
			);
			sourceTree = "<group>";
		};
		AAFA67F91BBB0C20009BD1BD /* Products */ = {
			isa = PBXGroup;
			children = (
				AAFA67F81BBB0C20009BD1BD /* StretchMyHeader.app */,
			);
			name = Products;
			sourceTree = "<group>";
		};
		AAFA67FA1BBB0C20009BD1BD /* StretchMyHeader */ = {
			isa = PBXGroup;
			children = (
				AAFA67FB1BBB0C20009BD1BD /* AppDelegate.swift */,
				AAFA67FD1BBB0C20009BD1BD /* MasterViewController.swift */,
				AAFA67FF1BBB0C20009BD1BD /* DetailViewController.swift */,
				AAFA68011BBB0C20009BD1BD /* Main.storyboard */,
				AAFA68041BBB0C20009BD1BD /* Assets.xcassets */,
				AAFA68061BBB0C20009BD1BD /* LaunchScreen.storyboard */,
				AAFA68091BBB0C20009BD1BD /* Info.plist */,
			);
			path = StretchMyHeader;
			sourceTree = "<group>";
		};
/* End PBXGroup section */

/* Begin PBXNativeTarget section */
		AAFA67F71BBB0C20009BD1BD /* StretchMyHeader */ = {
			isa = PBXNativeTarget;
			buildConfigurationList = AAFA680C1BBB0C21009BD1BD /* Build configuration list for PBXNativeTarget "StretchMyHeader" */;
			buildPhases = (
				AAFA67F41BBB0C20009BD1BD /* Sources */,
				AAFA67F51BBB0C20009BD1BD /* Frameworks */,
				AAFA67F61BBB0C20009BD1BD /* Resources */,
			);
			buildRules = (
			);
			dependencies = (
			);
			name = StretchMyHeader;
			productName = StretchMyHeader;
			productReference = AAFA67F81BBB0C20009BD1BD /* StretchMyHeader.app */;
			productType = "com.apple.product-type.application";
		};
/* End PBXNativeTarget section */

/* Begin PBXProject section */
		AAFA67F01BBB0C20009BD1BD /* Project object */ = {
			isa = PBXProject;
			attributes = {
				LastUpgradeCheck = 0700;
				ORGANIZATIONNAME = KatieExpatriated;
				TargetAttributes = {
					AAFA67F71BBB0C20009BD1BD = {
						CreatedOnToolsVersion = 7.0;
					};
				};
			};
			buildConfigurationList = AAFA67F31BBB0C20009BD1BD /* Build configuration list for PBXProject "StretchMyHeader" */;
			compatibilityVersion = "Xcode 3.2";
			developmentRegion = English;
			hasScannedForEncodings = 0;
			knownRegions = (
				en,
				Base,
			);
			mainGroup = AAFA67EF1BBB0C20009BD1BD;
			productRefGroup = AAFA67F91BBB0C20009BD1BD /* Products */;
			projectDirPath = "";
			projectRoot = "";
			targets = (
				AAFA67F71BBB0C20009BD1BD /* StretchMyHeader */,
			);
		};
/* End PBXProject section */

/* Begin PBXResourcesBuildPhase section */
		AAFA67F61BBB0C20009BD1BD /* Resources */ = {
			isa = PBXResourcesBuildPhase;
			buildActionMask = 2147483647;
			files = (
				AAFA68081BBB0C20009BD1BD /* LaunchScreen.storyboard in Resources */,
				AAFA68051BBB0C20009BD1BD /* Assets.xcassets in Resources */,
				AAFA68031BBB0C20009BD1BD /* Main.storyboard in Resources */,
			);
			runOnlyForDeploymentPostprocessing = 0;
		};
/* End PBXResourcesBuildPhase section */

/* Begin PBXSourcesBuildPhase section */
		AAFA67F41BBB0C20009BD1BD /* Sources */ = {
			isa = PBXSourcesBuildPhase;
			buildActionMask = 2147483647;
			files = (
				AAFA68001BBB0C20009BD1BD /* DetailViewController.swift in Sources */,
				AAFA67FE1BBB0C20009BD1BD /* MasterViewController.swift in Sources */,
				AAFA67FC1BBB0C20009BD1BD /* AppDelegate.swift in Sources */,
			);
			runOnlyForDeploymentPostprocessing = 0;
		};
/* End PBXSourcesBuildPhase section */

/* Begin PBXVariantGroup section */
		AAFA68011BBB0C20009BD1BD /* Main.storyboard */ = {
			isa = PBXVariantGroup;
			children = (
				AAFA68021BBB0C20009BD1BD /* Base */,
			);
			name = Main.storyboard;
			sourceTree = "<group>";
		};
		AAFA68061BBB0C20009BD1BD /* LaunchScreen.storyboard */ = {
			isa = PBXVariantGroup;
			children = (
				AAFA68071BBB0C20009BD1BD /* Base */,
			);
			name = LaunchScreen.storyboard;
			sourceTree = "<group>";
		};
/* End PBXVariantGroup section */

/* Begin XCBuildConfiguration section */
		AAFA680A1BBB0C21009BD1BD /* Debug */ = {
			isa = XCBuildConfiguration;
			buildSettings = {
				ALWAYS_SEARCH_USER_PATHS = NO;
				CLANG_CXX_LANGUAGE_STANDARD = "gnu++0x";
				CLANG_CXX_LIBRARY = "libc++";
				CLANG_ENABLE_MODULES = YES;
				CLANG_ENABLE_OBJC_ARC = YES;
				CLANG_WARN_BOOL_CONVERSION = YES;
				CLANG_WARN_CONSTANT_CONVERSION = YES;
				CLANG_WARN_DIRECT_OBJC_ISA_USAGE = YES_ERROR;
				CLANG_WARN_EMPTY_BODY = YES;
				CLANG_WARN_ENUM_CONVERSION = YES;
				CLANG_WARN_INT_CONVERSION = YES;
				CLANG_WARN_OBJC_ROOT_CLASS = YES_ERROR;
				CLANG_WARN_UNREACHABLE_CODE = YES;
				CLANG_WARN__DUPLICATE_METHOD_MATCH = YES;
				"CODE_SIGN_IDENTITY[sdk=iphoneos*]" = "iPhone Developer";
				COPY_PHASE_STRIP = NO;
				DEBUG_INFORMATION_FORMAT = dwarf;
				ENABLE_STRICT_OBJC_MSGSEND = YES;
				ENABLE_TESTABILITY = YES;
				GCC_C_LANGUAGE_STANDARD = gnu99;
				GCC_DYNAMIC_NO_PIC = NO;
				GCC_NO_COMMON_BLOCKS = YES;
				GCC_OPTIMIZATION_LEVEL = 0;
				GCC_PREPROCESSOR_DEFINITIONS = (
					"DEBUG=1",
					"$(inherited)",
				);
				GCC_WARN_64_TO_32_BIT_CONVERSION = YES;
				GCC_WARN_ABOUT_RETURN_TYPE = YES_ERROR;
				GCC_WARN_UNDECLARED_SELECTOR = YES;
				GCC_WARN_UNINITIALIZED_AUTOS = YES_AGGRESSIVE;
				GCC_WARN_UNUSED_FUNCTION = YES;
				GCC_WARN_UNUSED_VARIABLE = YES;
				IPHONEOS_DEPLOYMENT_TARGET = 9.0;
				MTL_ENABLE_DEBUG_INFO = YES;
				ONLY_ACTIVE_ARCH = YES;
				SDKROOT = iphoneos;
				SWIFT_OPTIMIZATION_LEVEL = "-Onone";
			};
			name = Debug;
		};
		AAFA680B1BBB0C21009BD1BD /* Release */ = {
			isa = XCBuildConfiguration;
			buildSettings = {
				ALWAYS_SEARCH_USER_PATHS = NO;
				CLANG_CXX_LANGUAGE_STANDARD = "gnu++0x";
				CLANG_CXX_LIBRARY = "libc++";
				CLANG_ENABLE_MODULES = YES;
				CLANG_ENABLE_OBJC_ARC = YES;
				CLANG_WARN_BOOL_CONVERSION = YES;
				CLANG_WARN_CONSTANT_CONVERSION = YES;
				CLANG_WARN_DIRECT_OBJC_ISA_USAGE = YES_ERROR;
				CLANG_WARN_EMPTY_BODY = YES;
				CLANG_WARN_ENUM_CONVERSION = YES;
				CLANG_WARN_INT_CONVERSION = YES;
				CLANG_WARN_OBJC_ROOT_CLASS = YES_ERROR;
				CLANG_WARN_UNREACHABLE_CODE = YES;
				CLANG_WARN__DUPLICATE_METHOD_MATCH = YES;
				"CODE_SIGN_IDENTITY[sdk=iphoneos*]" = "iPhone Developer";
				COPY_PHASE_STRIP = NO;
				DEBUG_INFORMATION_FORMAT = "dwarf-with-dsym";
				ENABLE_NS_ASSERTIONS = NO;
				ENABLE_STRICT_OBJC_MSGSEND = YES;
				GCC_C_LANGUAGE_STANDARD = gnu99;
				GCC_NO_COMMON_BLOCKS = YES;
				GCC_WARN_64_TO_32_BIT_CONVERSION = YES;
				GCC_WARN_ABOUT_RETURN_TYPE = YES_ERROR;
				GCC_WARN_UNDECLARED_SELECTOR = YES;
				GCC_WARN_UNINITIALIZED_AUTOS = YES_AGGRESSIVE;
				GCC_WARN_UNUSED_FUNCTION = YES;
				GCC_WARN_UNUSED_VARIABLE = YES;
				IPHONEOS_DEPLOYMENT_TARGET = 9.0;
				MTL_ENABLE_DEBUG_INFO = NO;
				SDKROOT = iphoneos;
				VALIDATE_PRODUCT = YES;
			};
			name = Release;
		};
		AAFA680D1BBB0C21009BD1BD /* Debug */ = {
			isa = XCBuildConfiguration;
			buildSettings = {
				ASSETCATALOG_COMPILER_APPICON_NAME = AppIcon;
				INFOPLIST_FILE = StretchMyHeader/Info.plist;
				LD_RUNPATH_SEARCH_PATHS = "$(inherited) @executable_path/Frameworks";
				PRODUCT_BUNDLE_IDENTIFIER = com.wordpress.katieexpatriated.StretchMyHeader;
				PRODUCT_NAME = "$(TARGET_NAME)";
			};
			name = Debug;
		};
		AAFA680E1BBB0C21009BD1BD /* Release */ = {
			isa = XCBuildConfiguration;
			buildSettings = {
				ASSETCATALOG_COMPILER_APPICON_NAME = AppIcon;
				INFOPLIST_FILE = StretchMyHeader/Info.plist;
				LD_RUNPATH_SEARCH_PATHS = "$(inherited) @executable_path/Frameworks";
				PRODUCT_BUNDLE_IDENTIFIER = com.wordpress.katieexpatriated.StretchMyHeader;
				PRODUCT_NAME = "$(TARGET_NAME)";
			};
			name = Release;
		};
/* End XCBuildConfiguration section */

/* Begin XCConfigurationList section */
		AAFA67F31BBB0C20009BD1BD /* Build configuration list for PBXProject "StretchMyHeader" */ = {
			isa = XCConfigurationList;
			buildConfigurations = (
				AAFA680A1BBB0C21009BD1BD /* Debug */,
				AAFA680B1BBB0C21009BD1BD /* Release */,
			);
			defaultConfigurationIsVisible = 0;
			defaultConfigurationName = Release;
		};
		AAFA680C1BBB0C21009BD1BD /* Build configuration list for PBXNativeTarget "StretchMyHeader" */ = {
			isa = XCConfigurationList;
			buildConfigurations = (
				AAFA680D1BBB0C21009BD1BD /* Debug */,
				AAFA680E1BBB0C21009BD1BD /* Release */,
			);
			defaultConfigurationIsVisible = 0;
		};
/* End XCConfigurationList section */
	};
	rootObject = AAFA67F01BBB0C20009BD1BD /* Project object */;
}
